#
# This file is autogenerated by pip-compile with Python 3.12
# by the following command:
#
#    pip-compile --output-file=requirements.lock pyproject.toml
#
aiodns==4.0.4
    # via wbs (pyproject.toml)
aiohappyeyeballs==2.6.2
    # via aiohttp
aiohttp==3.13.5
    # via
    #   ipinfo
    #   wbs (pyproject.toml)
aiosignal==1.4.0
    # via aiohttp
aiosqlite==0.22.1
    # via wbs (pyproject.toml)
annotated-doc==0.0.4
    # via typer
anyio==4.13.0
    # via httpx
attrs==26.1.0
    # via aiohttp
bcrypt==5.0.0
    # via wbs (pyproject.toml)
beautifulsoup4==4.14.3
    # via wbs (pyproject.toml)
cachetools==7.1.4
    # via ipinfo
certifi==2026.5.20
    # via
    #   httpcore
    #   httpx
    #   requests
cffi==2.0.0
    # via pycares
charset-normalizer==3.4.7
    # via requests
feedparser==6.0.12
    # via wbs (pyproject.toml)
frozenlist==1.8.0
    # via
    #   aiohttp
    #   aiosignal
h11==0.16.0
    # via httpcore
httpcore==1.0.9
    # via httpx
httpx==0.28.1
    # via whoisit
idna==3.17
    # via
    #   anyio
    #   httpx
    #   requests
    #   yarl
ipinfo==5.6.0
    # via wbs (pyproject.toml)
irc==20.5.0
    # via wbs (pyproject.toml)
jaraco-collections==5.2.1
    # via
    #   irc
    #   tempora
jaraco-context==6.1.2
    # via
    #   jaraco-text
    #   tempora
jaraco-functools==4.5.0
    # via
    #   irc
    #   jaraco-text
    #   tempora
jaraco-logging==3.4.0
    # via irc
jaraco-stream==3.0.4
    # via irc
jaraco-text==4.2.0
    # via
    #   irc
    #   jaraco-collections
markdown-it-py==4.2.0
    # via rich
mdurl==0.1.2
    # via markdown-it-py
more-itertools==11.1.0
    # via
    #   irc
    #   jaraco-functools
    #   jaraco-stream
    #   jaraco-text
    #   tempora
multidict==6.7.1
    # via
    #   aiohttp
    #   yarl
packaging==26.2
    # via wbs (pyproject.toml)
prompt-toolkit==3.0.52
    # via wbs (pyproject.toml)
propcache==0.5.2
    # via
    #   aiohttp
    #   yarl
psutil==7.2.2
    # via wbs (pyproject.toml)
pyasn==1.6.2
    # via wbs (pyproject.toml)
pycares==5.0.1
    # via aiodns
pycparser==3.0
    # via cffi
pygments==2.20.0
    # via rich
python-dateutil==2.9.0.post0
    # via
    #   tempora
    #   whoisit
pytz==2026.2
    # via irc
requests==2.34.2
    # via
    #   ipinfo
    #   whoisit
rich==15.0.0
    # via typer
sgmllib3k==1.0.0
    # via feedparser
shellingham==1.5.4
    # via typer
six==1.17.0
    # via python-dateutil
soupsieve==2.8.4
    # via beautifulsoup4
tempora==5.9.0
    # via
    #   irc
    #   jaraco-logging
typer==0.26.2
    # via typer-slim
typer-slim==0.24.0
    # via jaraco-text
typing-extensions==4.15.0
    # via
    #   aiosignal
    #   anyio
    #   beautifulsoup4
    #   whoisit
urllib3==2.7.0
    # via
    #   requests
    #   whoisit
wcwidth==0.7.0
    # via prompt-toolkit
whoisit==4.0.3
    # via wbs (pyproject.toml)
yarl==1.24.2
    # via aiohttp
